<?xml version="1.0" encoding="utf-8"?>
<Project ToolsVersion="4.0" xmlns="http://schemas.microsoft.com/developer/msbuild/2003">
  <ItemGroup>
    <Filter Include="Header Files">
      <UniqueIdentifier>{93995380-89BD-4b04-88EB-625FBE52EBFB}</UniqueIdentifier>
      <Extensions>h;hh;hpp;hxx;h++;hm;inl;inc;ipp;xsd</Extensions>
    </Filter>
    <Filter Include="Resource Files">
      <UniqueIdentifier>{67DA6AB6-F800-4c08-8B7A-83BB121AAD01}</UniqueIdentifier>
      <Extensions>rc;ico;cur;bmp;dlg;rc2;rct;bin;rgs;gif;jpg;jpeg;jpe;resx;tiff;tif;png;wav;mfcribbon-ms</Extensions>
    </Filter>
    <Filter Include="Core">
      <UniqueIdentifier>{4FC737F1-C7A5-4376-A066-2A32D752A2FF}</UniqueIdentifier>
      <Extensions>cpp;c;cc;cxx;c++;cppm;ixx;def;odl;idl;hpj;bat;asm;asmx</Extensions>
    </Filter>
    <Filter Include="Core\GUI">
      <UniqueIdentifier>{81c871a3-2a26-42de-9bd2-1c11f39cdde2}</UniqueIdentifier>
    </Filter>
    <Filter Include="Core\Render">
      <UniqueIdentifier>{443c92be-a0e6-40b5-888a-f3c5ca36a519}</UniqueIdentifier>
    </Filter>
    <Filter Include="Core\Game">
      <UniqueIdentifier>{390794bf-3b9f-472e-9e7e-379af6e1e963}</UniqueIdentifier>
    </Filter>
    <Filter Include="Core\Math">
      <UniqueIdentifier>{3da89b9a-71ca-4c70-9212-1d1fe6b660a9}</UniqueIdentifier>
    </Filter>
    <Filter Include="Main">
      <UniqueIdentifier>{4fc3e7b6-f9c2-41b1-ab16-45553ac1d440}</UniqueIdentifier>
    </Filter>
    <Filter Include="Core\Tools">
      <UniqueIdentifier>{bc277539-3274-4c54-b98b-1d84779a56b1}</UniqueIdentifier>
    </Filter>
    <Filter Include="Core\Assets">
      <UniqueIdentifier>{cbaddb4c-5976-409c-a5a9-62d63ebdd726}</UniqueIdentifier>
    </Filter>
    <Filter Include="Core\Assets\Levels">
      <UniqueIdentifier>{d24a0d48-df70-44ab-9544-636be4c6fb33}</UniqueIdentifier>
    </Filter>
    <Filter Include="Documentation">
      <UniqueIdentifier>{57e1d65b-2a1d-42c8-9c37-89055c2c3af6}</UniqueIdentifier>
    </Filter>
  </ItemGroup>
  <ItemGroup>
    <ClCompile Include="Core\Render\Camera.cpp">
      <Filter>Core\Render</Filter>
    </ClCompile>
    <ClCompile Include="Core\Editor\Editor.cpp">
      <Filter>Core\Tools</Filter>
    </ClCompile>
    <ClCompile Include="Core\Editor\EditorObject.cpp">
      <Filter>Core\Tools</Filter>
    </ClCompile>
    <ClCompile Include="Core\Assets\AssetDatabase.cpp">
      <Filter>Core\Assets</Filter>
    </ClCompile>
    <ClCompile Include="Core\Assets\AssetManager.cpp">
      <Filter>Core\Assets</Filter>
    </ClCompile>
    <ClCompile Include="Core\Assets\AssetManagerImpl.cpp">
      <Filter>Core\Assets</Filter>
    </ClCompile>
    <ClCompile Include="Core\GLApplication.cpp">
      <Filter>Core\Render</Filter>
    </ClCompile>
    <ClCompile Include="Core\Render\GLRenderer.cpp">
      <Filter>Core\Render</Filter>
    </ClCompile>
    <ClCompile Include="Core\Serialization\LevelFormat.cpp">
      <Filter>Core\Assets\Levels</Filter>
    </ClCompile>
    <ClCompile Include="Core\Game\Level.cpp">
      <Filter>Core\Assets\Levels</Filter>
    </ClCompile>
    <ClCompile Include="Main.cpp">
      <Filter>Main</Filter>
    </ClCompile>
    <ClCompile Include="Core\Render\Mesh.cpp">
      <Filter>Main</Filter>
    </ClCompile>
    <ClCompile Include="Core\Assets\MeshLibrary.cpp">
      <Filter>Main</Filter>
    </ClCompile>
    <ClCompile Include="Core\Assets\MeshLibraryImpl.cpp">
      <Filter>Main</Filter>
    </ClCompile>
    <ClCompile Include="Core\Game\World.cpp">
      <Filter>Main</Filter>
    </ClCompile>
    <ClCompile Include="Platform\SDLWindow.cpp">
      <Filter>Core\Render</Filter>
    </ClCompile>
    <ClCompile Include="Core\Render\Shader.cpp">
      <Filter>Core\Render</Filter>
    </ClCompile>
  </ItemGroup>
  <ItemGroup>
    <ClInclude Include="Core\Math\Vector.h">
      <Filter>Core\Math</Filter>
    </ClInclude>
    <ClInclude Include="Core\Math\Geometry.h">
      <Filter>Header Files</Filter>
    </ClInclude>
    <ClInclude Include="Core\Game\World.h">
      <Filter>Header Files</Filter>
    </ClInclude>
    <ClInclude Include="Core\Game\Level.h">
      <Filter>Header Files</Filter>
    </ClInclude>
    <ClInclude Include="Core\Editor\EditorObject.h">
      <Filter>Header Files</Filter>
    </ClInclude>
    <ClInclude Include="Core\Editor\Editor.h">
      <Filter>Header Files</Filter>
    </ClInclude>
    <ClInclude Include="Platform\SDLWindow.h">
      <Filter>Header Files</Filter>
    </ClInclude>
    <ClInclude Include="Core\Render\Mesh.h">
      <Filter>Header Files</Filter>
    </ClInclude>
    <ClInclude Include="Core\Render\Shader.h">
      <Filter>Header Files</Filter>
    </ClInclude>
    <ClInclude Include="Core\Render\GLRenderer.h">
      <Filter>Header Files</Filter>
    </ClInclude>
    <ClInclude Include="Core\GLApplication.h">
      <Filter>Header Files</Filter>
    </ClInclude>
    <ClInclude Include="Core\Serialization\LevelFormat.h">
      <Filter>Header Files</Filter>
    </ClInclude>
    <ClInclude Include="Core\Assets\MeshLibrary.h">
      <Filter>Header Files</Filter>
    </ClInclude>
    <ClInclude Include="Core\Assets\AssetManager.h">
      <Filter>Header Files</Filter>
    </ClInclude>
    <ClInclude Include="Main.h">
      <Filter>Header Files</Filter>
    </ClInclude>
    <ClInclude Include="Core\Render\Camera.h">
      <Filter>Header Files</Filter>
    </ClInclude>
  </ItemGroup>
  <ItemGroup>
    <None Include="ARCHITECTURE.md">
      <Filter>Documentation</Filter>
    </None>
    <None Include="COMPLETION_SUMMARY.md">
      <Filter>Documentation</Filter>
    </None>
    <None Include="CONTRIBUTING.md">
      <Filter>Documentation</Filter>
    </None>
    <None Include="DEPENDENCIES.md">
      <Filter>Documentation</Filter>
    </None>
    <None Include="EDITOR.md">
      <Filter>Documentation</Filter>
    </None>
    <None Include="FILE_MANIFEST.md">
      <Filter>Documentation</Filter>
    </None>
    <None Include="GETTING_STARTED.md">
      <Filter>Documentation</Filter>
    </None>
    <None Include="IMPLEMENTATION.md">
      <Filter>Documentation</Filter>
    </None>
    <None Include="INDEX.md">
      <Filter>Documentation</Filter>
    </None>
    <None Include="packages.config">
      <Filter>Documentation</Filter>
    </None>
    <None Include="PROJECT_REPORT.md">
      <Filter>Documentation</Filter>
    </None>
    <None Include="PROJECT_SCOPE.md">
      <Filter>Documentation</Filter>
    </None>
    <None Include="QUICKSTART.md">
      <Filter>Documentation</Filter>
    </None>
    <None Include="README.md">
      <Filter>Documentation</Filter>
    </None>
    <None Include="ROADMAP.md">
      <Filter>Documentation</Filter>
    </None>
    <None Include="SETUP_COMPLETE.md">
      <Filter>Documentation</Filter>
    </None>
    <None Include="STRUCTURE.md">
      <Filter>Documentation</Filter>
    </None>
    <None Include="TESTING_FRAMEWORK.md">
      <Filter>Documentation</Filter>
    </None>
  </ItemGroup>
</Project>